
Microsoft Visual Studio Solution File, Format Version 12.00
# Visual Studio Version 16
VisualStudioVersion = 16.0.31112.23
MinimumVisualStudioVersion = 10.0.40219.1
Project("{FAE04EC0-301F-11D3-BF4B-00C04F79EFBC}") = "TEEmployee", "TEEmployee\TEEmployee.csproj", "{D9B2A63A-ED7A-4C46-861F-ED98A4650E56}"
EndProject
Project("{FAE04EC0-301F-11D3-BF4B-00C04F79EFBC}") = "TasklogConsole", "TasklogConsole\TasklogConsole.csproj", "{5D0EAAE5-D196-4D76-83E3-0BCE52A407DD}"
EndProject
Global
	GlobalSection(SolutionConfigurationPlatforms) = preSolution
		Debug|Any CPU = Debug|Any CPU
		Release|Any CPU = Release|Any CPU
	EndGlobalSection
	GlobalSection(ProjectConfigurationPlatforms) = postSolution
		{D9B2A63A-ED7A-4C46-861F-ED98A4650E56}.Debug|Any CPU.ActiveCfg = Debug|Any CPU
		{D9B2A63A-ED7A-4C46-861F-ED98A4650E56}.Debug|Any CPU.Build.0 = Debug|Any CPU
		{D9B2A63A-ED7A-4C46-861F-ED98A4650E56}.Release|Any CPU.ActiveCfg = Release|Any CPU
		{D9B2A63A-ED7A-4C46-861F-ED98A4650E56}.Release|Any CPU.Build.0 = Release|Any CPU
		{5D0EAAE5-D196-4D76-83E3-0BCE52A407DD}.Debug|Any CPU.ActiveCfg = Debug|Any CPU
		{5D0EAAE5-D196-4D76-83E3-0BCE52A407DD}.Debug|Any CPU.Build.0 = Debug|Any CPU
		{5D0EAAE5-D196-4D76-83E3-0BCE52A407DD}.Release|Any CPU.ActiveCfg = Release|Any CPU
		{5D0EAAE5-D196-4D76-83E3-0BCE52A407DD}.Release|Any CPU.Build.0 = Release|Any CPU
	EndGlobalSection
	GlobalSection(SolutionProperties) = preSolution
		HideSolutionNode = FALSE
	EndGlobalSection
	GlobalSection(ExtensibilityGlobals) = postSolution
		SolutionGuid = {45FAF362-257E-4BBA-8F34-AF1296A5A048}
	EndGlobalSection
EndGlobal
